
Microsoft Visual Studio Solution File, Format Version 12.00
# Visual Studio Version 17
VisualStudioVersion = 17.11.35312.102
MinimumVisualStudioVersion = 10.0.40219.1
Project("{FAE04EC0-301F-11D3-BF4B-00C04F79EFBC}") = "C#EgitimKampi301.EntityLayer", "C#EgitimKampi301.EntityLayer\C#EgitimKampi301.EntityLayer.csproj", "{B2F03CCD-03E2-4664-801B-1541E2A48313}"
EndProject
Project("{FAE04EC0-301F-11D3-BF4B-00C04F79EFBC}") = "C#EgitimKampi301.BusinessLayer", "C#EgitimKampi301.BusinessLayer\C#EgitimKampi301.BusinessLayer.csproj", "{48A848ED-2188-4822-82C0-1E891FF98E80}"
EndProject
Project("{FAE04EC0-301F-11D3-BF4B-00C04F79EFBC}") = "C#EgitimKampi301.PresentationLayer", "C#EgitimKampi301.PresentationLayer\C#EgitimKampi301.PresentationLayer.csproj", "{D5F3FD13-3FED-46B4-9895-6652E9F0741F}"
EndProject
Project("{FAE04EC0-301F-11D3-BF4B-00C04F79EFBC}") = "C#EgitimKampi301.DataAccessLayer", "C#EgitimKampi301.DataAccessLayer\C#EgitimKampi301.DataAccessLayer.csproj", "{16DA0533-E8F8-4F90-894C-28A4804DE589}"
EndProject
Project("{FAE04EC0-301F-11D3-BF4B-00C04F79EFBC}") = "C#EgitimKampi301.EFProject", "C#EgitimKampi301.EFProject\C#EgitimKampi301.EFProject.csproj", "{C528E235-C359-461C-B628-47666A22F786}"
EndProject
Global
	GlobalSection(SolutionConfigurationPlatforms) = preSolution
		Debug|Any CPU = Debug|Any CPU
		Release|Any CPU = Release|Any CPU
	EndGlobalSection
	GlobalSection(ProjectConfigurationPlatforms) = postSolution
		{B2F03CCD-03E2-4664-801B-1541E2A48313}.Debug|Any CPU.ActiveCfg = Debug|Any CPU
		{B2F03CCD-03E2-4664-801B-1541E2A48313}.Debug|Any CPU.Build.0 = Debug|Any CPU
		{B2F03CCD-03E2-4664-801B-1541E2A48313}.Release|Any CPU.ActiveCfg = Release|Any CPU
		{B2F03CCD-03E2-4664-801B-1541E2A48313}.Release|Any CPU.Build.0 = Release|Any CPU
		{48A848ED-2188-4822-82C0-1E891FF98E80}.Debug|Any CPU.ActiveCfg = Debug|Any CPU
		{48A848ED-2188-4822-82C0-1E891FF98E80}.Debug|Any CPU.Build.0 = Debug|Any CPU
		{48A848ED-2188-4822-82C0-1E891FF98E80}.Release|Any CPU.ActiveCfg = Release|Any CPU
		{48A848ED-2188-4822-82C0-1E891FF98E80}.Release|Any CPU.Build.0 = Release|Any CPU
		{D5F3FD13-3FED-46B4-9895-6652E9F0741F}.Debug|Any CPU.ActiveCfg = Debug|Any CPU
		{D5F3FD13-3FED-46B4-9895-6652E9F0741F}.Debug|Any CPU.Build.0 = Debug|Any CPU
		{D5F3FD13-3FED-46B4-9895-6652E9F0741F}.Release|Any CPU.ActiveCfg = Release|Any CPU
		{D5F3FD13-3FED-46B4-9895-6652E9F0741F}.Release|Any CPU.Build.0 = Release|Any CPU
		{16DA0533-E8F8-4F90-894C-28A4804DE589}.Debug|Any CPU.ActiveCfg = Debug|Any CPU
		{16DA0533-E8F8-4F90-894C-28A4804DE589}.Debug|Any CPU.Build.0 = Debug|Any CPU
		{16DA0533-E8F8-4F90-894C-28A4804DE589}.Release|Any CPU.ActiveCfg = Release|Any CPU
		{16DA0533-E8F8-4F90-894C-28A4804DE589}.Release|Any CPU.Build.0 = Release|Any CPU
		{C528E235-C359-461C-B628-47666A22F786}.Debug|Any CPU.ActiveCfg = Debug|Any CPU
		{C528E235-C359-461C-B628-47666A22F786}.Debug|Any CPU.Build.0 = Debug|Any CPU
		{C528E235-C359-461C-B628-47666A22F786}.Release|Any CPU.ActiveCfg = Release|Any CPU
		{C528E235-C359-461C-B628-47666A22F786}.Release|Any CPU.Build.0 = Release|Any CPU
	EndGlobalSection
	GlobalSection(SolutionProperties) = preSolution
		HideSolutionNode = FALSE
	EndGlobalSection
	GlobalSection(ExtensibilityGlobals) = postSolution
		SolutionGuid = {E65C81ED-DBBC-4765-82E9-2091EDA70835}
	EndGlobalSection
EndGlobal
